# This file is automatically @generated by Cargo.
# It is not intended for manual editing.
version = 3

[[package]]
name = "angle-distribution"
version = "0.1.0"
dependencies = [
 "chemfiles",
]

[[package]]
name = "cc"
version = "1.0.79"
source = "registry+https://github.com/rust-lang/crates.io-index"
checksum = "50d30906286121d95be3d479533b458f87493b30a4b5f79a607db8f5d11aa91f"

[[package]]
name = "chemfiles"
version = "0.10.3"
source = "registry+https://github.com/rust-lang/crates.io-index"
checksum = "ad958b62ad4be48ff0ee9510e0aab2991ddbbd91210081d47276999650fab30f"
dependencies = [
 "chemfiles-sys",
 "libc",
]

[[package]]
name = "chemfiles-sys"
version = "0.10.3"
source = "registry+https://github.com/rust-lang/crates.io-index"
checksum = "92229d3999f901ff8f91f6fd8739a91d19c728b6d665676212930530ef8aa16e"
dependencies = [
 "cmake",
 "libc",
]

[[package]]
name = "cmake"
version = "0.1.49"
source = "registry+https://github.com/rust-lang/crates.io-index"
checksum = "db34956e100b30725f2eb215f90d4871051239535632f84fea3bc92722c66b7c"
dependencies = [
 "cc",
]

[[package]]
name = "libc"
version = "0.2.140"
source = "registry+https://github.com/rust-lang/crates.io-index"
checksum = "99227334921fae1a979cf0bfdfcc6b3e5ce376ef57e16fb6fb3ea2ed6095f80c"
